// !$*UTF8*$!
{
	archiveVersion = 1;
	classes = {
	};
	objectVersion = 46;
	objects = {

/* Begin PBXBuildFile section */
		010205661A3CE7100010BCE9 /* AppDelegate.swift in Sources */ = {isa = PBXBuildFile; fileRef = 010205651A3CE7100010BCE9 /* AppDelegate.swift */; };
		010205681A3CE7100010BCE9 /* ViewController.swift in Sources */ = {isa = PBXBuildFile; fileRef = 010205671A3CE7100010BCE9 /* ViewController.swift */; };
		0102056B1A3CE7100010BCE9 /* Main.storyboard in Resources */ = {isa = PBXBuildFile; fileRef = 010205691A3CE7100010BCE9 /* Main.storyboard */; };
		0102056D1A3CE7100010BCE9 /* Images.xcassets in Resources */ = {isa = PBXBuildFile; fileRef = 0102056C1A3CE7100010BCE9 /* Images.xcassets */; };
		010205701A3CE7100010BCE9 /* LaunchScreen.xib in Resources */ = {isa = PBXBuildFile; fileRef = 0102056E1A3CE7100010BCE9 /* LaunchScreen.xib */; };
		0102057C1A3CE7100010BCE9 /* TipsTests.swift in Sources */ = {isa = PBXBuildFile; fileRef = 0102057B1A3CE7100010BCE9 /* TipsTests.swift */; };
		010205861A3D04BE0010BCE9 /* SettingsViewController.swift in Sources */ = {isa = PBXBuildFile; fileRef = 010205851A3D04BE0010BCE9 /* SettingsViewController.swift */; };
/* End PBXBuildFile section */

/* Begin PBXContainerItemProxy section */
		010205761A3CE7100010BCE9 /* PBXContainerItemProxy */ = {
			isa = PBXContainerItemProxy;
			containerPortal = 010205581A3CE70F0010BCE9 /* Project object */;
			proxyType = 1;
			remoteGlobalIDString = 0102055F1A3CE7100010BCE9;
			remoteInfo = Tips;
		};
/* End PBXContainerItemProxy section */

/* Begin PBXFileReference section */
		010205601A3CE7100010BCE9 /* Tips.app */ = {isa = PBXFileReference; explicitFileType = wrapper.application; includeInIndex = 0; path = Tips.app; sourceTree = BUILT_PRODUCTS_DIR; };
		010205641A3CE7100010BCE9 /* Info.plist */ = {isa = PBXFileReference; lastKnownFileType = text.plist.xml; path = Info.plist; sourceTree = "<group>"; };
		010205651A3CE7100010BCE9 /* AppDelegate.swift */ = {isa = PBXFileReference; lastKnownFileType = sourcecode.swift; path = AppDelegate.swift; sourceTree = "<group>"; };
		010205671A3CE7100010BCE9 /* ViewController.swift */ = {isa = PBXFileReference; lastKnownFileType = sourcecode.swift; path = ViewController.swift; sourceTree = "<group>"; };
		0102056A1A3CE7100010BCE9 /* Base */ = {isa = PBXFileReference; lastKnownFileType = file.storyboard; name = Base; path = Base.lproj/Main.storyboard; sourceTree = "<group>"; };
		0102056C1A3CE7100010BCE9 /* Images.xcassets */ = {isa = PBXFileReference; lastKnownFileType = folder.assetcatalog; path = Images.xcassets; sourceTree = "<group>"; };
		0102056F1A3CE7100010BCE9 /* Base */ = {isa = PBXFileReference; lastKnownFileType = file.xib; name = Base; path = Base.lproj/LaunchScreen.xib; sourceTree = "<group>"; };
		010205751A3CE7100010BCE9 /* TipsTests.xctest */ = {isa = PBXFileReference; explicitFileType = wrapper.cfbundle; includeInIndex = 0; path = TipsTests.xctest; sourceTree = BUILT_PRODUCTS_DIR; };
		0102057A1A3CE7100010BCE9 /* Info.plist */ = {isa = PBXFileReference; lastKnownFileType = text.plist.xml; path = Info.plist; sourceTree = "<group>"; };
		0102057B1A3CE7100010BCE9 /* TipsTests.swift */ = {isa = PBXFileReference; lastKnownFileType = sourcecode.swift; path = TipsTests.swift; sourceTree = "<group>"; };
		010205851A3D04BE0010BCE9 /* SettingsViewController.swift */ = {isa = PBXFileReference; fileEncoding = 4; lastKnownFileType = sourcecode.swift; path = SettingsViewController.swift; sourceTree = "<group>"; };
/* End PBXFileReference section */

/* Begin PBXFrameworksBuildPhase section */
		0102055D1A3CE7100010BCE9 /* Frameworks */ = {
			isa = PBXFrameworksBuildPhase;
			buildActionMask = 2147483647;
			files = (
			);
			runOnlyForDeploymentPostprocessing = 0;
		};
		010205721A3CE7100010BCE9 /* Frameworks */ = {
			isa = PBXFrameworksBuildPhase;
			buildActionMask = 2147483647;
			files = (
			);
			runOnlyForDeploymentPostprocessing = 0;
		};
/* End PBXFrameworksBuildPhase section */

/* Begin PBXGroup section */
		010205571A3CE70F0010BCE9 = {
			isa = PBXGroup;
			children = (
				010205621A3CE7100010BCE9 /* Tips */,
				010205781A3CE7100010BCE9 /* TipsTests */,
				010205611A3CE7100010BCE9 /* Products */,
			);
			sourceTree = "<group>";
		};
		010205611A3CE7100010BCE9 /* Products */ = {
			isa = PBXGroup;
			children = (
				010205601A3CE7100010BCE9 /* Tips.app */,
				010205751A3CE7100010BCE9 /* TipsTests.xctest */,
			);
			name = Products;
			sourceTree = "<group>";
		};
		010205621A3CE7100010BCE9 /* Tips */ = {
			isa = PBXGroup;
			children = (
				010205651A3CE7100010BCE9 /* AppDelegate.swift */,
				010205671A3CE7100010BCE9 /* ViewController.swift */,
				010205691A3CE7100010BCE9 /* Main.storyboard */,
				010205851A3D04BE0010BCE9 /* SettingsViewController.swift */,
				0102056C1A3CE7100010BCE9 /* Images.xcassets */,
				0102056E1A3CE7100010BCE9 /* LaunchScreen.xib */,
				010205631A3CE7100010BCE9 /* Supporting Files */,
			);
			path = Tips;
			sourceTree = "<group>";
		};
		010205631A3CE7100010BCE9 /* Supporting Files */ = {
			isa = PBXGroup;
			children = (
				010205641A3CE7100010BCE9 /* Info.plist */,
			);
			name = "Supporting Files";
			sourceTree = "<group>";
		};
		010205781A3CE7100010BCE9 /* TipsTests */ = {
			isa = PBXGroup;
			children = (
				0102057B1A3CE7100010BCE9 /* TipsTests.swift */,
				010205791A3CE7100010BCE9 /* Supporting Files */,
			);
			path = TipsTests;
			sourceTree = "<group>";
		};
		010205791A3CE7100010BCE9 /* Supporting Files */ = {
			isa = PBXGroup;
			children = (
				0102057A1A3CE7100010BCE9 /* Info.plist */,
			);
			name = "Supporting Files";
			sourceTree = "<group>";
		};
/* End PBXGroup section */

/* Begin PBXNativeTarget section */
		0102055F1A3CE7100010BCE9 /* Tips */ = {
			isa = PBXNativeTarget;
			buildConfigurationList = 0102057F1A3CE7100010BCE9 /* Build configuration list for PBXNativeTarget "Tips" */;
			buildPhases = (
				0102055C1A3CE7100010BCE9 /* Sources */,
				0102055D1A3CE7100010BCE9 /* Frameworks */,
				0102055E1A3CE7100010BCE9 /* Resources */,
			);
			buildRules = (
			);
			dependencies = (
			);
			name = Tips;
			productName = Tips;
			productReference = 010205601A3CE7100010BCE9 /* Tips.app */;
			productType = "com.apple.product-type.application";
		};
		010205741A3CE7100010BCE9 /* TipsTests */ = {
			isa = PBXNativeTarget;
			buildConfigurationList = 010205821A3CE7100010BCE9 /* Build configuration list for PBXNativeTarget "TipsTests" */;
			buildPhases = (
				010205711A3CE7100010BCE9 /* Sources */,
				010205721A3CE7100010BCE9 /* Frameworks */,
				010205731A3CE7100010BCE9 /* Resources */,
			);
			buildRules = (
			);
			dependencies = (
				010205771A3CE7100010BCE9 /* PBXTargetDependency */,
			);
			name = TipsTests;
			productName = TipsTests;
			productReference = 010205751A3CE7100010BCE9 /* TipsTests.xctest */;
			productType = "com.apple.product-type.bundle.unit-test";
		};
/* End PBXNativeTarget section */

/* Begin PBXProject section */
		010205581A3CE70F0010BCE9 /* Project object */ = {
			isa = PBXProject;
			attributes = {
				LastUpgradeCheck = 0610;
				ORGANIZATIONNAME = "Glen Botha";
				TargetAttributes = {
					0102055F1A3CE7100010BCE9 = {
						CreatedOnToolsVersion = 6.1.1;
					};
					010205741A3CE7100010BCE9 = {
						CreatedOnToolsVersion = 6.1.1;
						TestTargetID = 0102055F1A3CE7100010BCE9;
					};
				};
			};
			buildConfigurationList = 0102055B1A3CE70F0010BCE9 /* Build configuration list for PBXProject "Tips" */;
			compatibilityVersion = "Xcode 3.2";
			developmentRegion = English;
			hasScannedForEncodings = 0;
			knownRegions = (
				en,
				Base,
			);
			mainGroup = 010205571A3CE70F0010BCE9;
			productRefGroup = 010205611A3CE7100010BCE9 /* Products */;
			projectDirPath = "";
			projectRoot = "";
			targets = (
				0102055F1A3CE7100010BCE9 /* Tips */,
				010205741A3CE7100010BCE9 /* TipsTests */,
			);
		};
/* End PBXProject section */

/* Begin PBXResourcesBuildPhase section */
		0102055E1A3CE7100010BCE9 /* Resources */ = {
			isa = PBXResourcesBuildPhase;
			buildActionMask = 2147483647;
			files = (
				0102056B1A3CE7100010BCE9 /* Main.storyboard in Resources */,
				010205701A3CE7100010BCE9 /* LaunchScreen.xib in Resources */,
				0102056D1A3CE7100010BCE9 /* Images.xcassets in Resources */,
			);
			runOnlyForDeploymentPostprocessing = 0;
		};
		010205731A3CE7100010BCE9 /* Resources */ = {
			isa = PBXResourcesBuildPhase;
			buildActionMask = 2147483647;
			files = (
			);
			runOnlyForDeploymentPostprocessing = 0;
		};
/* End PBXResourcesBuildPhase section */

/* Begin PBXSourcesBuildPhase section */
		0102055C1A3CE7100010BCE9 /* Sources */ = {
			isa = PBXSourcesBuildPhase;
			buildActionMask = 2147483647;
			files = (
				010205681A3CE7100010BCE9 /* ViewController.swift in Sources */,
				010205661A3CE7100010BCE9 /* AppDelegate.swift in Sources */,
				010205861A3D04BE0010BCE9 /* SettingsViewController.swift in Sources */,
			);
			runOnlyForDeploymentPostprocessing = 0;
		};
		010205711A3CE7100010BCE9 /* Sources */ = {
			isa = PBXSourcesBuildPhase;
			buildActionMask = 2147483647;
			files = (
				0102057C1A3CE7100010BCE9 /* TipsTests.swift in Sources */,
			);
			runOnlyForDeploymentPostprocessing = 0;
		};
/* End PBXSourcesBuildPhase section */

/* Begin PBXTargetDependency section */
		010205771A3CE7100010BCE9 /* PBXTargetDependency */ = {
			isa = PBXTargetDependency;
			target = 0102055F1A3CE7100010BCE9 /* Tips */;
			targetProxy = 010205761A3CE7100010BCE9 /* PBXContainerItemProxy */;
		};
/* End PBXTargetDependency section */

/* Begin PBXVariantGroup section */
		010205691A3CE7100010BCE9 /* Main.storyboard */ = {
			isa = PBXVariantGroup;
			children = (
				0102056A1A3CE7100010BCE9 /* Base */,
			);
			name = Main.storyboard;
			sourceTree = "<group>";
		};
		0102056E1A3CE7100010BCE9 /* LaunchScreen.xib */ = {
			isa = PBXVariantGroup;
			children = (
				0102056F1A3CE7100010BCE9 /* Base */,
			);
			name = LaunchScreen.xib;
			sourceTree = "<group>";
		};
/* End PBXVariantGroup section */

/* Begin XCBuildConfiguration section */
		0102057D1A3CE7100010BCE9 /* Debug */ = {
			isa = XCBuildConfiguration;
			buildSettings = {
				ALWAYS_SEARCH_USER_PATHS = NO;
				CLANG_CXX_LANGUAGE_STANDARD = "gnu++0x";
				CLANG_CXX_LIBRARY = "libc++";
				CLANG_ENABLE_MODULES = YES;
				CLANG_ENABLE_OBJC_ARC = YES;
				CLANG_WARN_BOOL_CONVERSION = YES;
				CLANG_WARN_CONSTANT_CONVERSION = YES;
				CLANG_WARN_DIRECT_OBJC_ISA_USAGE = YES_ERROR;
				CLANG_WARN_EMPTY_BODY = YES;
				CLANG_WARN_ENUM_CONVERSION = YES;
				CLANG_WARN_INT_CONVERSION = YES;
				CLANG_WARN_OBJC_ROOT_CLASS = YES_ERROR;
				CLANG_WARN_UNREACHABLE_CODE = YES;
				CLANG_WARN__DUPLICATE_METHOD_MATCH = YES;
				"CODE_SIGN_IDENTITY[sdk=iphoneos*]" = "iPhone Developer";
				COPY_PHASE_STRIP = NO;
				ENABLE_STRICT_OBJC_MSGSEND = YES;
				GCC_C_LANGUAGE_STANDARD = gnu99;
				GCC_DYNAMIC_NO_PIC = NO;
				GCC_OPTIMIZATION_LEVEL = 0;
				GCC_PREPROCESSOR_DEFINITIONS = (
					"DEBUG=1",
					"$(inherited)",
				);
				GCC_SYMBOLS_PRIVATE_EXTERN = NO;
				GCC_WARN_64_TO_32_BIT_CONVERSION = YES;
				GCC_WARN_ABOUT_RETURN_TYPE = YES_ERROR;
				GCC_WARN_UNDECLARED_SELECTOR = YES;
				GCC_WARN_UNINITIALIZED_AUTOS = YES_AGGRESSIVE;
				GCC_WARN_UNUSED_FUNCTION = YES;
				GCC_WARN_UNUSED_VARIABLE = YES;
				IPHONEOS_DEPLOYMENT_TARGET = 8.1;
				MTL_ENABLE_DEBUG_INFO = YES;
				ONLY_ACTIVE_ARCH = YES;
				SDKROOT = iphoneos;
				SWIFT_OPTIMIZATION_LEVEL = "-Onone";
			};
			name = Debug;
		};
		0102057E1A3CE7100010BCE9 /* Release */ = {
			isa = XCBuildConfiguration;
			buildSettings = {
				ALWAYS_SEARCH_USER_PATHS = NO;
				CLANG_CXX_LANGUAGE_STANDARD = "gnu++0x";
				CLANG_CXX_LIBRARY = "libc++";
				CLANG_ENABLE_MODULES = YES;
				CLANG_ENABLE_OBJC_ARC = YES;
				CLANG_WARN_BOOL_CONVERSION = YES;
				CLANG_WARN_CONSTANT_CONVERSION = YES;
				CLANG_WARN_DIRECT_OBJC_ISA_USAGE = YES_ERROR;
				CLANG_WARN_EMPTY_BODY = YES;
				CLANG_WARN_ENUM_CONVERSION = YES;
				CLANG_WARN_INT_CONVERSION = YES;
				CLANG_WARN_OBJC_ROOT_CLASS = YES_ERROR;
				CLANG_WARN_UNREACHABLE_CODE = YES;
				CLANG_WARN__DUPLICATE_METHOD_MATCH = YES;
				"CODE_SIGN_IDENTITY[sdk=iphoneos*]" = "iPhone Developer";
				COPY_PHASE_STRIP = YES;
				ENABLE_NS_ASSERTIONS = NO;
				ENABLE_STRICT_OBJC_MSGSEND = YES;
				GCC_C_LANGUAGE_STANDARD = gnu99;
				GCC_WARN_64_TO_32_BIT_CONVERSION = YES;
				GCC_WARN_ABOUT_RETURN_TYPE = YES_ERROR;
				GCC_WARN_UNDECLARED_SELECTOR = YES;
				GCC_WARN_UNINITIALIZED_AUTOS = YES_AGGRESSIVE;
				GCC_WARN_UNUSED_FUNCTION = YES;
				GCC_WARN_UNUSED_VARIABLE = YES;
				IPHONEOS_DEPLOYMENT_TARGET = 8.1;
				MTL_ENABLE_DEBUG_INFO = NO;
				SDKROOT = iphoneos;
				VALIDATE_PRODUCT = YES;
			};
			name = Release;
		};
		010205801A3CE7100010BCE9 /* Debug */ = {
			isa = XCBuildConfiguration;
			buildSettings = {
				ASSETCATALOG_COMPILER_APPICON_NAME = AppIcon;
				INFOPLIST_FILE = Tips/Info.plist;
				LD_RUNPATH_SEARCH_PATHS = "$(inherited) @executable_path/Frameworks";
				PRODUCT_NAME = "$(TARGET_NAME)";
			};
			name = Debug;
		};
		010205811A3CE7100010BCE9 /* Release */ = {
			isa = XCBuildConfiguration;
			buildSettings = {
				ASSETCATALOG_COMPILER_APPICON_NAME = AppIcon;
				INFOPLIST_FILE = Tips/Info.plist;
				LD_RUNPATH_SEARCH_PATHS = "$(inherited) @executable_path/Frameworks";
				PRODUCT_NAME = "$(TARGET_NAME)";
			};
			name = Release;
		};
		010205831A3CE7100010BCE9 /* Debug */ = {
			isa = XCBuildConfiguration;
			buildSettings = {
				BUNDLE_LOADER = "$(TEST_HOST)";
				FRAMEWORK_SEARCH_PATHS = (
					"$(SDKROOT)/Developer/Library/Frameworks",
					"$(inherited)",
				);
				GCC_PREPROCESSOR_DEFINITIONS = (
					"DEBUG=1",
					"$(inherited)",
				);
				INFOPLIST_FILE = TipsTests/Info.plist;
				LD_RUNPATH_SEARCH_PATHS = "$(inherited) @executable_path/Frameworks @loader_path/Frameworks";
				PRODUCT_NAME = "$(TARGET_NAME)";
				TEST_HOST = "$(BUILT_PRODUCTS_DIR)/Tips.app/Tips";
			};
			name = Debug;
		};
		010205841A3CE7100010BCE9 /* Release */ = {
			isa = XCBuildConfiguration;
			buildSettings = {
				BUNDLE_LOADER = "$(TEST_HOST)";
				FRAMEWORK_SEARCH_PATHS = (
					"$(SDKROOT)/Developer/Library/Frameworks",
					"$(inherited)",
				);
				INFOPLIST_FILE = TipsTests/Info.plist;
				LD_RUNPATH_SEARCH_PATHS = "$(inherited) @executable_path/Frameworks @loader_path/Frameworks";
				PRODUCT_NAME = "$(TARGET_NAME)";
				TEST_HOST = "$(BUILT_PRODUCTS_DIR)/Tips.app/Tips";
			};
			name = Release;
		};
/* End XCBuildConfiguration section */

/* Begin XCConfigurationList section */
		0102055B1A3CE70F0010BCE9 /* Build configuration list for PBXProject "Tips" */ = {
			isa = XCConfigurationList;
			buildConfigurations = (
				0102057D1A3CE7100010BCE9 /* Debug */,
				0102057E1A3CE7100010BCE9 /* Release */,
			);
			defaultConfigurationIsVisible = 0;
			defaultConfigurationName = Release;
		};
		0102057F1A3CE7100010BCE9 /* Build configuration list for PBXNativeTarget "Tips" */ = {
			isa = XCConfigurationList;
			buildConfigurations = (
				010205801A3CE7100010BCE9 /* Debug */,
				010205811A3CE7100010BCE9 /* Release */,
			);
			defaultConfigurationIsVisible = 0;
		};
		010205821A3CE7100010BCE9 /* Build configuration list for PBXNativeTarget "TipsTests" */ = {
			isa = XCConfigurationList;
			buildConfigurations = (
				010205831A3CE7100010BCE9 /* Debug */,
				010205841A3CE7100010BCE9 /* Release */,
			);
			defaultConfigurationIsVisible = 0;
		};
/* End XCConfigurationList section */
	};
	rootObject = 010205581A3CE70F0010BCE9 /* Project object */;
}
